{
  "name": "echo-common",
  "version": "1.0.3",
  "lockfileVersion": 3,
  "requires": true,
  "peer": true,
  "packages": {
    "": {
      "name": "echo-common",
      "version": "1.0.3",
      "peer": true,
      "devDependencies": {
        "@types/node": "^20.8.6",
        "@types/react": "^18.2.31",
        "@types/tail": "^2.2.2",
        "prettier": "^3.0.3",
        "typescript": "^5.2.2"
      },
      "peerDependencies": {
        "@react-rxjs/core": "^0.10.7",
        "@react-rxjs/utils": "^0.9.7",
        "axios": "^1.6.0",
        "ggg-api": "file:../ggg-api",
        "react": "file:../echo-app/node_modules/react",
        "react-dom": "file:../echo-app/node_modules/react-dom",
        "rxjs": "^7.8.1",
        "sage-common": "file:../sage-common",
        "tail": "^2.2.6",
        "ts-ratchet": "file:../ts-ratchet"
      }
    },
    "../echo-app/node_modules/react": {
      "version": "18.2.0",
      "license": "MIT",
      "peer": true,
      "dependencies": {
        "loose-envify": "^1.1.0"
      },
      "engines": {
        "node": ">=0.10.0"
      }
    },
    "../echo-app/node_modules/react-dom": {
      "version": "18.2.0",
      "license": "MIT",
      "peer": true,
      "dependencies": {
        "loose-envify": "^1.1.0",
        "scheduler": "^0.23.0"
      },
      "peerDependencies": {
        "react": "^18.2.0"
      }
    },
    "../sage-common": {
      "version": "1.0.3",
      "peer": true,
      "dependencies": {
        "axios": "^1.6.0"
      },
      "devDependencies": {
        "@types/node": "^20.8.6",
        "@types/object-hash": "^3.0.5",
        "@types/react": "^18.2.31",
        "prettier": "^3.0.3",
        "typescript": "^5.2.2"
      },
      "peerDependencies": {
        "@react-rxjs/core": "^0.10.7",
        "@react-rxjs/utils": "^0.9.7",
        "object-hash": "^3.0.0",
        "rxjs": "^7.8.1",
        "ts-ratchet": "file:../ts-ratchet"
      }
    },
    "../ts-ratchet": {
      "version": "1.0.3",
      "peer": true,
      "dependencies": {
        "axios": "^1.5.1",
        "rxjs": "^7.8.1"
      },
      "devDependencies": {
        "@types/node": "^20.8.6",
        "prettier": "^3.0.3",
        "typescript": "^5.2.2"
      }
    },
    "node_modules/@react-rxjs/core": {
      "version": "0.10.7",
      "resolved": "https://registry.npmjs.org/@react-rxjs/core/-/core-0.10.7.tgz",
      "integrity": "sha512-dornp8pUs9OcdqFKKRh9+I2FVe21gWufNun6RYU1ddts7kUy9i4Thvl0iqcPFbGY61cJQMAJF7dxixWMSD/A/A==",
      "peer": true,
      "dependencies": {
        "@rx-state/core": "0.1.4",
        "use-sync-external-store": "^1.0.0"
      },
      "peerDependencies": {
        "react": ">=16.8.0",
        "rxjs": ">=7"
      }
    },
    "node_modules/@react-rxjs/utils": {
      "version": "0.9.7",
      "resolved": "https://registry.npmjs.org/@react-rxjs/utils/-/utils-0.9.7.tgz",
      "integrity": "sha512-m9CUTdRsglObvUAlYfB24QvN+QH4XqCGEKnCdSILIeOx7mMqSi9TTFp2zrj5XqtMiLnj4ReAdDxrXegLPB73bQ==",
      "peer": true,
      "peerDependencies": {
        "@react-rxjs/core": ">=0.1.0",
        "react": ">=16.8.0",
        "rxjs": ">=6"
      }
    },
    "node_modules/@rx-state/core": {
      "version": "0.1.4",
      "resolved": "https://registry.npmjs.org/@rx-state/core/-/core-0.1.4.tgz",
      "integrity": "sha512-Z+3hjU2xh1HisLxt+W5hlYX/eGSDaXXP+ns82gq/PLZpkXLu0uwcNUh9RLY3Clq4zT+hSsA3vcpIGt6+UAb8rQ==",
      "peer": true,
      "peerDependencies": {
        "rxjs": ">=7"
      }
    },
    "node_modules/@types/node": {
      "version": "20.8.10",
      "resolved": "https://registry.npmjs.org/@types/node/-/node-20.8.10.tgz",
      "integrity": "sha512-TlgT8JntpcbmKUFzjhsyhGfP2fsiz1Mv56im6enJ905xG1DAYesxJaeSbGqQmAw8OWPdhyJGhGSQGKRNJ45u9w==",
      "dev": true,
      "dependencies": {
        "undici-types": "~5.26.4"
      }
    },
    "node_modules/@types/prop-types": {
      "version": "15.7.9",
      "resolved": "https://registry.npmjs.org/@types/prop-types/-/prop-types-15.7.9.tgz",
      "integrity": "sha512-n1yyPsugYNSmHgxDFjicaI2+gCNjsBck8UX9kuofAKlc0h1bL+20oSF72KeNaW2DUlesbEVCFgyV2dPGTiY42g==",
      "dev": true
    },
    "node_modules/@types/react": {
      "version": "18.2.36",
      "resolved": "https://registry.npmjs.org/@types/react/-/react-18.2.36.tgz",
      "integrity": "sha512-o9XFsHYLLZ4+sb9CWUYwHqFVoG61SesydF353vFMMsQziiyRu8np4n2OYMUSDZ8XuImxDr9c5tR7gidlH29Vnw==",
      "dev": true,
      "dependencies": {
        "@types/prop-types": "*",
        "@types/scheduler": "*",
        "csstype": "^3.0.2"
      }
    },
    "node_modules/@types/scheduler": {
      "version": "0.16.5",
      "resolved": "https://registry.npmjs.org/@types/scheduler/-/scheduler-0.16.5.tgz",
      "integrity": "sha512-s/FPdYRmZR8SjLWGMCuax7r3qCWQw9QKHzXVukAuuIJkXkDRwp+Pu5LMIVFi0Fxbav35WURicYr8u1QsoybnQw==",
      "dev": true
    },
    "node_modules/@types/tail": {
      "version": "2.2.2",
      "resolved": "https://registry.npmjs.org/@types/tail/-/tail-2.2.2.tgz",
      "integrity": "sha512-+CjjgMFjIVgTYsJXWNpAKVRerFWc9c+GTMzY/336fSW6BhY5TJwo2CNYJiNq7mO9rBHmtmpceKf2DnkrnaR3Vg==",
      "dev": true
    },
    "node_modules/asynckit": {
      "version": "0.4.0",
      "resolved": "https://registry.npmjs.org/asynckit/-/asynckit-0.4.0.tgz",
      "integrity": "sha512-Oei9OH4tRh0YqU3GxhX79dM/mwVgvbZJaSNaRk+bshkj0S5cfHcgYakreBjrHwatXKbz+IoIdYLxrKim2MjW0Q==",
      "peer": true
    },
    "node_modules/axios": {
      "version": "1.6.0",
      "resolved": "https://registry.npmjs.org/axios/-/axios-1.6.0.tgz",
      "integrity": "sha512-EZ1DYihju9pwVB+jg67ogm+Tmqc6JmhamRN6I4Zt8DfZu5lbcQGw3ozH9lFejSJgs/ibaef3A9PMXPLeefFGJg==",
      "peer": true,
      "dependencies": {
        "follow-redirects": "^1.15.0",
        "form-data": "^4.0.0",
        "proxy-from-env": "^1.1.0"
      }
    },
    "node_modules/combined-stream": {
      "version": "1.0.8",
      "resolved": "https://registry.npmjs.org/combined-stream/-/combined-stream-1.0.8.tgz",
      "integrity": "sha512-FQN4MRfuJeHf7cBbBMJFXhKSDq+2kAArBlmRBvcvFE5BB1HZKXtSFASDhdlz9zOYwxh8lDdnvmMOe/+5cdoEdg==",
      "peer": true,
      "dependencies": {
        "delayed-stream": "~1.0.0"
      },
      "engines": {
        "node": ">= 0.8"
      }
    },
    "node_modules/csstype": {
      "version": "3.1.2",
      "resolved": "https://registry.npmjs.org/csstype/-/csstype-3.1.2.tgz",
      "integrity": "sha512-I7K1Uu0MBPzaFKg4nI5Q7Vs2t+3gWWW648spaF+Rg7pI9ds18Ugn+lvg4SHczUdKlHI5LWBXyqfS8+DufyBsgQ==",
      "dev": true
    },
    "node_modules/delayed-stream": {
      "version": "1.0.0",
      "resolved": "https://registry.npmjs.org/delayed-stream/-/delayed-stream-1.0.0.tgz",
      "integrity": "sha512-ZySD7Nf91aLB0RxL4KGrKHBXl7Eds1DAmEdcoVawXnLD7SDhpNgtuII2aAkg7a7QS41jxPSZ17p4VdGnMHk3MQ==",
      "peer": true,
      "engines": {
        "node": ">=0.4.0"
      }
    },
    "node_modules/follow-redirects": {
      "version": "1.15.3",
      "resolved": "https://registry.npmjs.org/follow-redirects/-/follow-redirects-1.15.3.tgz",
      "integrity": "sha512-1VzOtuEM8pC9SFU1E+8KfTjZyMztRsgEfwQl44z8A25uy13jSzTj6dyK2Df52iV0vgHCfBwLhDWevLn95w5v6Q==",
      "funding": [
        {
          "type": "individual",
          "url": "https://github.com/sponsors/RubenVerborgh"
        }
      ],
      "peer": true,
      "engines": {
        "node": ">=4.0"
      },
      "peerDependenciesMeta": {
        "debug": {
          "optional": true
        }
      }
    },
    "node_modules/form-data": {
      "version": "4.0.0",
      "resolved": "https://registry.npmjs.org/form-data/-/form-data-4.0.0.tgz",
      "integrity": "sha512-ETEklSGi5t0QMZuiXoA/Q6vcnxcLQP5vdugSpuAyi6SVGi2clPPp+xgEhuMaHC+zGgn31Kd235W35f7Hykkaww==",
      "peer": true,
      "dependencies": {
        "asynckit": "^0.4.0",
        "combined-stream": "^1.0.8",
        "mime-types": "^2.1.12"
      },
      "engines": {
        "node": ">= 6"
      }
    },
    "node_modules/ggg-api": {
      "resolved": "",
      "link": true
    },
    "node_modules/mime-db": {
      "version": "1.52.0",
      "resolved": "https://registry.npmjs.org/mime-db/-/mime-db-1.52.0.tgz",
      "integrity": "sha512-sPU4uV7dYlvtWJxwwxHD0PuihVNiE7TyAbQ5SWxDCB9mUYvOgroQOwYQQOKPJ8CIbE+1ETVlOoK1UC2nU3gYvg==",
      "peer": true,
      "engines": {
        "node": ">= 0.6"
      }
    },
    "node_modules/mime-types": {
      "version": "2.1.35",
      "resolved": "https://registry.npmjs.org/mime-types/-/mime-types-2.1.35.tgz",
      "integrity": "sha512-ZDY+bPm5zTTF+YpCrAU9nK0UgICYPT0QtT1NZWFv4s++TNkcgVaT0g6+4R2uI4MjQjzysHB1zxuWL50hzaeXiw==",
      "peer": true,
      "dependencies": {
        "mime-db": "1.52.0"
      },
      "engines": {
        "node": ">= 0.6"
      }
    },
    "node_modules/prettier": {
      "version": "3.0.3",
      "resolved": "https://registry.npmjs.org/prettier/-/prettier-3.0.3.tgz",
      "integrity": "sha512-L/4pUDMxcNa8R/EthV08Zt42WBO4h1rarVtK0K+QJG0X187OLo7l699jWw0GKuwzkPQ//jMFA/8Xm6Fh3J/DAg==",
      "dev": true,
      "bin": {
        "prettier": "bin/prettier.cjs"
      },
      "engines": {
        "node": ">=14"
      },
      "funding": {
        "url": "https://github.com/prettier/prettier?sponsor=1"
      }
    },
    "node_modules/proxy-from-env": {
      "version": "1.1.0",
      "resolved": "https://registry.npmjs.org/proxy-from-env/-/proxy-from-env-1.1.0.tgz",
      "integrity": "sha512-D+zkORCbA9f1tdWRK0RaCR3GPv50cMxcrz4X8k5LTSUD1Dkw47mKJEZQNunItRTkWwgtaUSo1RVFRIG9ZXiFYg==",
      "peer": true
    },
    "node_modules/react": {
      "resolved": "../echo-app/node_modules/react",
      "link": true
    },
    "node_modules/react-dom": {
      "resolved": "../echo-app/node_modules/react-dom",
      "link": true
    },
    "node_modules/rxjs": {
      "version": "7.8.1",
      "resolved": "https://registry.npmjs.org/rxjs/-/rxjs-7.8.1.tgz",
      "integrity": "sha512-AA3TVj+0A2iuIoQkWEK/tqFjBq2j+6PO6Y0zJcvzLAFhEFIO3HL0vls9hWLncZbAAbK0mar7oZ4V079I/qPMxg==",
      "peer": true,
      "dependencies": {
        "tslib": "^2.1.0"
      }
    },
    "node_modules/sage-common": {
      "resolved": "../sage-common",
      "link": true
    },
    "node_modules/tail": {
      "version": "2.2.6",
      "resolved": "https://registry.npmjs.org/tail/-/tail-2.2.6.tgz",
      "integrity": "sha512-IQ6G4wK/t8VBauYiGPLx+d3fA5XjSVagjWV5SIYzvEvglbQjwEcukeYI68JOPpdydjxhZ9sIgzRlSmwSpphHyw==",
      "peer": true,
      "engines": {
        "node": ">= 6.0.0"
      }
    },
    "node_modules/ts-ratchet": {
      "resolved": "../ts-ratchet",
      "link": true
    },
    "node_modules/tslib": {
      "version": "2.6.2",
      "resolved": "https://registry.npmjs.org/tslib/-/tslib-2.6.2.tgz",
      "integrity": "sha512-AEYxH93jGFPn/a2iVAwW87VuUIkR1FVUKB77NwMF7nBTDkDrrT/Hpt/IrCJ0QXhW27jTBDcf5ZY7w6RiqTMw2Q==",
      "peer": true
    },
    "node_modules/typescript": {
      "version": "5.2.2",
      "resolved": "https://registry.npmjs.org/typescript/-/typescript-5.2.2.tgz",
      "integrity": "sha512-mI4WrpHsbCIcwT9cF4FZvr80QUeKvsUsUvKDoR+X/7XHQH98xYD8YHZg7ANtz2GtZt/CBq2QJ0thkGJMHfqc1w==",
      "dev": true,
      "bin": {
        "tsc": "bin/tsc",
        "tsserver": "bin/tsserver"
      },
      "engines": {
        "node": ">=14.17"
      }
    },
    "node_modules/undici-types": {
      "version": "5.26.5",
      "resolved": "https://registry.npmjs.org/undici-types/-/undici-types-5.26.5.tgz",
      "integrity": "sha512-JlCMO+ehdEIKqlFxk6IfVoAUVmgz7cU7zD/h9XZ0qzeosSHmUJVOzSQvvYSYWXkFXC+IfLKSIffhv0sVZup6pA==",
      "dev": true
    },
    "node_modules/use-sync-external-store": {
      "version": "1.2.0",
      "resolved": "https://registry.npmjs.org/use-sync-external-store/-/use-sync-external-store-1.2.0.tgz",
      "integrity": "sha512-eEgnFxGQ1Ife9bzYs6VLi8/4X6CObHMw9Qr9tPY43iKwsPw8xE8+EFsf/2cFZ5S3esXgpWgtSCtLNS41F+sKPA==",
      "peer": true,
      "peerDependencies": {
        "react": "^16.8.0 || ^17.0.0 || ^18.0.0"
      }
    }
  }
}
