{
  "name": "echo-common",
  "version": "1.0.3",
  "lockfileVersion": 3,
  "requires": true,
  "packages": {
    "": {
      "name": "echo-common",
      "version": "1.0.3",
      "devDependencies": {
        "@types/node": "^20.8.6",
        "@types/react": "^18.2.31",
        "typescript": "^5.2.2"
      },
      "peerDependencies": {
        "@react-rxjs/core": "^0.10.7",
        "@react-rxjs/utils": "^0.9.7",
        "ggg-api": "file:../ggg-api",
        "react": "file:../echo-app/node_modules/react",
        "react-dom": "file:../echo-app/node_modules/react-dom",
        "rxjs": "^7.8.1",
        "ts-ratchet": "file:../ts-ratchet"
      }
    },
    "../echo-app/node_modules/react": {
      "version": "18.2.0",
      "license": "MIT",
      "peer": true,
      "dependencies": {
        "loose-envify": "^1.1.0"
      },
      "engines": {
        "node": ">=0.10.0"
      }
    },
    "../echo-app/node_modules/react-dom": {
      "version": "18.2.0",
      "license": "MIT",
      "peer": true,
      "dependencies": {
        "loose-envify": "^1.1.0",
        "scheduler": "^0.23.0"
      },
      "peerDependencies": {
        "react": "^18.2.0"
      }
    },
    "../ggg-api": {
      "version": "1.0.3",
      "peer": true,
      "dependencies": {
        "axios": "^1.5.1",
        "poestack-ts-ratchet": "file:../ts-ratchet",
        "rxjs": "^7.8.1"
      },
      "devDependencies": {
        "@types/node": "^20.8.6",
        "typescript": "^5.2.2"
      }
    },
    "../ggg-api/node_modules/@types/node": {
      "version": "20.8.9",
      "dev": true,
      "license": "MIT",
      "peer": true,
      "dependencies": {
        "undici-types": "~5.26.4"
      }
    },
    "../ggg-api/node_modules/asynckit": {
      "version": "0.4.0",
      "license": "MIT",
      "peer": true
    },
    "../ggg-api/node_modules/axios": {
      "version": "1.5.1",
      "license": "MIT",
      "peer": true,
      "dependencies": {
        "follow-redirects": "^1.15.0",
        "form-data": "^4.0.0",
        "proxy-from-env": "^1.1.0"
      }
    },
    "../ggg-api/node_modules/combined-stream": {
      "version": "1.0.8",
      "license": "MIT",
      "peer": true,
      "dependencies": {
        "delayed-stream": "~1.0.0"
      },
      "engines": {
        "node": ">= 0.8"
      }
    },
    "../ggg-api/node_modules/delayed-stream": {
      "version": "1.0.0",
      "license": "MIT",
      "peer": true,
      "engines": {
        "node": ">=0.4.0"
      }
    },
    "../ggg-api/node_modules/follow-redirects": {
      "version": "1.15.3",
      "funding": [
        {
          "type": "individual",
          "url": "https://github.com/sponsors/RubenVerborgh"
        }
      ],
      "license": "MIT",
      "peer": true,
      "engines": {
        "node": ">=4.0"
      },
      "peerDependenciesMeta": {
        "debug": {
          "optional": true
        }
      }
    },
    "../ggg-api/node_modules/form-data": {
      "version": "4.0.0",
      "license": "MIT",
      "peer": true,
      "dependencies": {
        "asynckit": "^0.4.0",
        "combined-stream": "^1.0.8",
        "mime-types": "^2.1.12"
      },
      "engines": {
        "node": ">= 6"
      }
    },
    "../ggg-api/node_modules/mime-db": {
      "version": "1.52.0",
      "license": "MIT",
      "peer": true,
      "engines": {
        "node": ">= 0.6"
      }
    },
    "../ggg-api/node_modules/mime-types": {
      "version": "2.1.35",
      "license": "MIT",
      "peer": true,
      "dependencies": {
        "mime-db": "1.52.0"
      },
      "engines": {
        "node": ">= 0.6"
      }
    },
    "../ggg-api/node_modules/poestack-ts-ratchet": {
      "resolved": "../ts-ratchet",
      "link": true
    },
    "../ggg-api/node_modules/proxy-from-env": {
      "version": "1.1.0",
      "license": "MIT",
      "peer": true
    },
    "../ggg-api/node_modules/rxjs": {
      "version": "7.8.1",
      "license": "Apache-2.0",
      "peer": true,
      "dependencies": {
        "tslib": "^2.1.0"
      }
    },
    "../ggg-api/node_modules/tslib": {
      "version": "2.6.2",
      "license": "0BSD",
      "peer": true
    },
    "../ggg-api/node_modules/typescript": {
      "version": "5.2.2",
      "dev": true,
      "license": "Apache-2.0",
      "peer": true,
      "bin": {
        "tsc": "bin/tsc",
        "tsserver": "bin/tsserver"
      },
      "engines": {
        "node": ">=14.17"
      }
    },
    "../ggg-api/node_modules/undici-types": {
      "version": "5.26.5",
      "dev": true,
      "license": "MIT",
      "peer": true
    },
    "../ts-ratchet": {
      "version": "1.0.3",
      "peer": true,
      "dependencies": {
        "axios": "^1.5.1",
        "rxjs": "^7.8.1"
      },
      "devDependencies": {
        "@types/node": "^20.8.6",
        "typescript": "^5.2.2"
      }
    },
    "../ts-ratchet/node_modules/@types/node": {
      "version": "20.8.7",
      "dev": true,
      "license": "MIT",
      "peer": true,
      "dependencies": {
        "undici-types": "~5.25.1"
      }
    },
    "../ts-ratchet/node_modules/asynckit": {
      "version": "0.4.0",
      "license": "MIT",
      "peer": true
    },
    "../ts-ratchet/node_modules/axios": {
      "version": "1.5.1",
      "license": "MIT",
      "peer": true,
      "dependencies": {
        "follow-redirects": "^1.15.0",
        "form-data": "^4.0.0",
        "proxy-from-env": "^1.1.0"
      }
    },
    "../ts-ratchet/node_modules/combined-stream": {
      "version": "1.0.8",
      "license": "MIT",
      "peer": true,
      "dependencies": {
        "delayed-stream": "~1.0.0"
      },
      "engines": {
        "node": ">= 0.8"
      }
    },
    "../ts-ratchet/node_modules/delayed-stream": {
      "version": "1.0.0",
      "license": "MIT",
      "peer": true,
      "engines": {
        "node": ">=0.4.0"
      }
    },
    "../ts-ratchet/node_modules/follow-redirects": {
      "version": "1.15.3",
      "funding": [
        {
          "type": "individual",
          "url": "https://github.com/sponsors/RubenVerborgh"
        }
      ],
      "license": "MIT",
      "peer": true,
      "engines": {
        "node": ">=4.0"
      },
      "peerDependenciesMeta": {
        "debug": {
          "optional": true
        }
      }
    },
    "../ts-ratchet/node_modules/form-data": {
      "version": "4.0.0",
      "license": "MIT",
      "peer": true,
      "dependencies": {
        "asynckit": "^0.4.0",
        "combined-stream": "^1.0.8",
        "mime-types": "^2.1.12"
      },
      "engines": {
        "node": ">= 6"
      }
    },
    "../ts-ratchet/node_modules/mime-db": {
      "version": "1.52.0",
      "license": "MIT",
      "peer": true,
      "engines": {
        "node": ">= 0.6"
      }
    },
    "../ts-ratchet/node_modules/mime-types": {
      "version": "2.1.35",
      "license": "MIT",
      "peer": true,
      "dependencies": {
        "mime-db": "1.52.0"
      },
      "engines": {
        "node": ">= 0.6"
      }
    },
    "../ts-ratchet/node_modules/proxy-from-env": {
      "version": "1.1.0",
      "license": "MIT",
      "peer": true
    },
    "../ts-ratchet/node_modules/rxjs": {
      "version": "7.8.1",
      "license": "Apache-2.0",
      "peer": true,
      "dependencies": {
        "tslib": "^2.1.0"
      }
    },
    "../ts-ratchet/node_modules/tslib": {
      "version": "2.6.2",
      "license": "0BSD",
      "peer": true
    },
    "../ts-ratchet/node_modules/typescript": {
      "version": "5.2.2",
      "dev": true,
      "license": "Apache-2.0",
      "peer": true,
      "bin": {
        "tsc": "bin/tsc",
        "tsserver": "bin/tsserver"
      },
      "engines": {
        "node": ">=14.17"
      }
    },
    "../ts-ratchet/node_modules/undici-types": {
      "version": "5.25.3",
      "dev": true,
      "license": "MIT",
      "peer": true
    },
    "node_modules/@react-rxjs/core": {
      "version": "0.10.7",
      "license": "MIT",
      "peer": true,
      "dependencies": {
        "@rx-state/core": "0.1.4",
        "use-sync-external-store": "^1.0.0"
      },
      "peerDependencies": {
        "react": ">=16.8.0",
        "rxjs": ">=7"
      }
    },
    "node_modules/@react-rxjs/utils": {
      "version": "0.9.7",
      "license": "MIT",
      "peer": true,
      "peerDependencies": {
        "@react-rxjs/core": ">=0.1.0",
        "react": ">=16.8.0",
        "rxjs": ">=6"
      }
    },
    "node_modules/@rx-state/core": {
      "version": "0.1.4",
      "license": "MIT",
      "peer": true,
      "peerDependencies": {
        "rxjs": ">=7"
      }
    },
    "node_modules/@types/node": {
      "version": "20.8.6",
      "dev": true,
      "license": "MIT",
      "dependencies": {
        "undici-types": "~5.25.1"
      }
    },
    "node_modules/@types/prop-types": {
      "version": "15.7.9",
      "dev": true,
      "license": "MIT"
    },
    "node_modules/@types/react": {
      "version": "18.2.31",
      "dev": true,
      "license": "MIT",
      "dependencies": {
        "@types/prop-types": "*",
        "@types/scheduler": "*",
        "csstype": "^3.0.2"
      }
    },
    "node_modules/@types/scheduler": {
      "version": "0.16.5",
      "dev": true,
      "license": "MIT"
    },
    "node_modules/csstype": {
      "version": "3.1.2",
      "dev": true,
      "license": "MIT"
    },
    "node_modules/ggg-api": {
      "resolved": "../ggg-api",
      "link": true
    },
    "node_modules/react": {
      "resolved": "../echo-app/node_modules/react",
      "link": true
    },
    "node_modules/react-dom": {
      "resolved": "../echo-app/node_modules/react-dom",
      "link": true
    },
    "node_modules/rxjs": {
      "version": "7.8.1",
      "license": "Apache-2.0",
      "peer": true,
      "dependencies": {
        "tslib": "^2.1.0"
      }
    },
    "node_modules/ts-ratchet": {
      "resolved": "../ts-ratchet",
      "link": true
    },
    "node_modules/tslib": {
      "version": "2.6.2",
      "license": "0BSD",
      "peer": true
    },
    "node_modules/typescript": {
      "version": "5.2.2",
      "dev": true,
      "license": "Apache-2.0",
      "bin": {
        "tsc": "bin/tsc",
        "tsserver": "bin/tsserver"
      },
      "engines": {
        "node": ">=14.17"
      }
    },
    "node_modules/undici-types": {
      "version": "5.25.3",
      "dev": true,
      "license": "MIT"
    },
    "node_modules/use-sync-external-store": {
      "version": "1.2.0",
      "license": "MIT",
      "peer": true,
      "peerDependencies": {
        "react": "^16.8.0 || ^17.0.0 || ^18.0.0"
      }
    }
  }
}
